# This file is automatically @generated by Cargo.
# It is not intended for manual editing.
version = 3

[[package]]
name = "http"
version = "0.1.0"
dependencies = [
 "interfaces",
]

[[package]]
name = "http_client"
version = "0.1.0"
dependencies = [
 "interfaces",
]

[[package]]
name = "interfaces"
version = "0.1.0"
